{
  "name": "basic",
  "version": "1.0.0",
  "lockfileVersion": 2,
  "requires": true,
  "packages": {
    "": {
      "name": "basic",
      "version": "1.0.0",
      "license": "MIT",
      "dependencies": {
        "@app-config-ts/core": "^1.0.6",
        "@app-config-ts/json": "^1.0.5"
      },
      "devDependencies": {
        "@types/node": "^17.0.17",
        "typescript": "^4.5.5"
      }
    },
    "node_modules/@app-config-ts/core": {
      "version": "1.0.6",
      "resolved": "https://registry.npmjs.org/@app-config-ts/core/-/core-1.0.6.tgz",
      "integrity": "sha512-pEdIoJJDfixJeUUemmWpAMAobhgcmgOoXr27vn3SmyTYMHuOc0qXyhbMoDEMC55AjzcTrBte32tSI5OJtraLcg==",
      "engines": {
        "node": ">=14"
      }
    },
    "node_modules/@app-config-ts/json": {
      "version": "1.0.5",
      "resolved": "https://registry.npmjs.org/@app-config-ts/json/-/json-1.0.5.tgz",
      "integrity": "sha512-5/9TazmEYZSjgdkV3TIzkjmIXTxbAeKue7NUKxci3PmFtWcsdli+3+w2KDHv1DwiDjdFjNz6nZSFqCiy0AT7lA==",
      "engines": {
        "node": ">=14"
      },
      "peerDependencies": {
        "@app-config-ts/core": "1.0.6"
      }
    },
    "node_modules/@types/node": {
      "version": "17.0.45",
      "resolved": "https://registry.npmjs.org/@types/node/-/node-17.0.45.tgz",
      "integrity": "sha512-w+tIMs3rq2afQdsPJlODhoUEKzFP1ayaoyl1CcnwtIlsVe7K7bA1NGm4s3PraqTLlXnbIN84zuBlxBWo1u9BLw==",
      "dev": true
    },
    "node_modules/typescript": {
      "version": "4.8.4",
      "resolved": "https://registry.npmjs.org/typescript/-/typescript-4.8.4.tgz",
      "integrity": "sha512-QCh+85mCy+h0IGff8r5XWzOVSbBO+KfeYrMQh7NJ58QujwcE22u+NUSmUxqF+un70P9GXKxa2HCNiTTMJknyjQ==",
      "dev": true,
      "bin": {
        "tsc": "bin/tsc",
        "tsserver": "bin/tsserver"
      },
      "engines": {
        "node": ">=4.2.0"
      }
    }
  },
  "dependencies": {
    "@app-config-ts/core": {
      "version": "1.0.6",
      "resolved": "https://registry.npmjs.org/@app-config-ts/core/-/core-1.0.6.tgz",
      "integrity": "sha512-pEdIoJJDfixJeUUemmWpAMAobhgcmgOoXr27vn3SmyTYMHuOc0qXyhbMoDEMC55AjzcTrBte32tSI5OJtraLcg=="
    },
    "@app-config-ts/json": {
      "version": "1.0.5",
      "resolved": "https://registry.npmjs.org/@app-config-ts/json/-/json-1.0.5.tgz",
      "integrity": "sha512-5/9TazmEYZSjgdkV3TIzkjmIXTxbAeKue7NUKxci3PmFtWcsdli+3+w2KDHv1DwiDjdFjNz6nZSFqCiy0AT7lA==",
      "requires": {}
    },
    "@types/node": {
      "version": "17.0.45",
      "resolved": "https://registry.npmjs.org/@types/node/-/node-17.0.45.tgz",
      "integrity": "sha512-w+tIMs3rq2afQdsPJlODhoUEKzFP1ayaoyl1CcnwtIlsVe7K7bA1NGm4s3PraqTLlXnbIN84zuBlxBWo1u9BLw==",
      "dev": true
    },
    "typescript": {
      "version": "4.8.4",
      "resolved": "https://registry.npmjs.org/typescript/-/typescript-4.8.4.tgz",
      "integrity": "sha512-QCh+85mCy+h0IGff8r5XWzOVSbBO+KfeYrMQh7NJ58QujwcE22u+NUSmUxqF+un70P9GXKxa2HCNiTTMJknyjQ==",
      "dev": true
    }
  }
}
