{
  "name": "basic",
  "version": "1.0.0",
  "lockfileVersion": 2,
  "requires": true,
  "packages": {
    "": {
      "name": "basic",
      "version": "1.0.0",
      "license": "MIT",
      "dependencies": {
        "@app-config-ts/core": "^1.0.2",
        "@app-config-ts/json": "^1.0.2"
      },
      "devDependencies": {
        "@types/node": "^17.0.17",
        "typescript": "^4.5.5"
      }
    },
    "node_modules/@app-config-ts/core": {
      "version": "1.0.2",
      "resolved": "https://registry.npmjs.org/@app-config-ts/core/-/core-1.0.2.tgz",
      "integrity": "sha512-7nCcOLQNcJ2ARTcCe05WIGA6D29n7Dx5A6Lw4ZTndtdkoDtFNzL+PwX96ODZkwHV3p302TJbNg19tTaY8xNjfQ==",
      "engines": {
        "node": ">=14"
      }
    },
    "node_modules/@app-config-ts/json": {
      "version": "1.0.2",
      "resolved": "https://registry.npmjs.org/@app-config-ts/json/-/json-1.0.2.tgz",
      "integrity": "sha512-rMClW+bSCe1D2C7RRM1ImUecDr5JuHobYwlK5Ne0rq1fisb5Of6uksZOkATbCfv53IV/hUfL6OM22JTfDLP3gA==",
      "engines": {
        "node": ">=14"
      },
      "peerDependencies": {
        "@app-config-ts/core": "1.0.2"
      }
    },
    "node_modules/@types/node": {
      "version": "17.0.45",
      "resolved": "https://registry.npmjs.org/@types/node/-/node-17.0.45.tgz",
      "integrity": "sha512-w+tIMs3rq2afQdsPJlODhoUEKzFP1ayaoyl1CcnwtIlsVe7K7bA1NGm4s3PraqTLlXnbIN84zuBlxBWo1u9BLw==",
      "dev": true
    },
    "node_modules/typescript": {
      "version": "4.8.4",
      "resolved": "https://registry.npmjs.org/typescript/-/typescript-4.8.4.tgz",
      "integrity": "sha512-QCh+85mCy+h0IGff8r5XWzOVSbBO+KfeYrMQh7NJ58QujwcE22u+NUSmUxqF+un70P9GXKxa2HCNiTTMJknyjQ==",
      "dev": true,
      "bin": {
        "tsc": "bin/tsc",
        "tsserver": "bin/tsserver"
      },
      "engines": {
        "node": ">=4.2.0"
      }
    }
  },
  "dependencies": {
    "@app-config-ts/core": {
      "version": "1.0.2",
      "resolved": "https://registry.npmjs.org/@app-config-ts/core/-/core-1.0.2.tgz",
      "integrity": "sha512-7nCcOLQNcJ2ARTcCe05WIGA6D29n7Dx5A6Lw4ZTndtdkoDtFNzL+PwX96ODZkwHV3p302TJbNg19tTaY8xNjfQ=="
    },
    "@app-config-ts/json": {
      "version": "1.0.2",
      "resolved": "https://registry.npmjs.org/@app-config-ts/json/-/json-1.0.2.tgz",
      "integrity": "sha512-rMClW+bSCe1D2C7RRM1ImUecDr5JuHobYwlK5Ne0rq1fisb5Of6uksZOkATbCfv53IV/hUfL6OM22JTfDLP3gA==",
      "requires": {}
    },
    "@types/node": {
      "version": "17.0.45",
      "resolved": "https://registry.npmjs.org/@types/node/-/node-17.0.45.tgz",
      "integrity": "sha512-w+tIMs3rq2afQdsPJlODhoUEKzFP1ayaoyl1CcnwtIlsVe7K7bA1NGm4s3PraqTLlXnbIN84zuBlxBWo1u9BLw==",
      "dev": true
    },
    "typescript": {
      "version": "4.8.4",
      "resolved": "https://registry.npmjs.org/typescript/-/typescript-4.8.4.tgz",
      "integrity": "sha512-QCh+85mCy+h0IGff8r5XWzOVSbBO+KfeYrMQh7NJ58QujwcE22u+NUSmUxqF+un70P9GXKxa2HCNiTTMJknyjQ==",
      "dev": true
    }
  }
}
